{
  "name": "product-components",
  "version": "1.0.0",
  "lockfileVersion": 2,
  "requires": true,
  "packages": {
    "": {
      "name": "product-components",
      "version": "1.0.0",
      "license": "ISC",
      "dependencies": {
        "react": "^18.2.0",
        "react-dom": "^18.2.0"
      },
      "devDependencies": {
        "@types/react": "^18.0.26",
        "@types/react-dom": "^18.0.10",
        "esbuild": "^0.17.1",
        "rimraf": "^4.1.0",
        "typescript": "^4.9.4"
      }
    },
    "node_modules/@esbuild/android-arm": {
      "version": "0.17.1",
      "resolved": "https://registry.npmjs.org/@esbuild/android-arm/-/android-arm-0.17.1.tgz",
      "integrity": "sha512-8ygAO+wxS3XcTxY0iuitMsttSIBUCSyVewCROQ0cdnp6u62qG+BWBjUxosUZ1EzxbblBJ2CjZwmbqSXjDO1P/w==",
      "cpu": [
        "arm"
      ],
      "dev": true,
      "optional": true,
      "os": [
        "android"
      ],
      "engines": {
        "node": ">=12"
      }
    },
    "node_modules/@esbuild/android-arm64": {
      "version": "0.17.1",
      "resolved": "https://registry.npmjs.org/@esbuild/android-arm64/-/android-arm64-0.17.1.tgz",
      "integrity": "sha512-qM6pyZ8sZsPe8/UzEMC93wL9c1b81VmPs/P4VQ+1v27SBu3pD08wo5nMm03KZos7TcH5f1dLRBt1VhN8JX53zA==",
      "cpu": [
        "arm64"
      ],
      "dev": true,
      "optional": true,
      "os": [
        "android"
      ],
      "engines": {
        "node": ">=12"
      }
    },
    "node_modules/@esbuild/android-x64": {
      "version": "0.17.1",
      "resolved": "https://registry.npmjs.org/@esbuild/android-x64/-/android-x64-0.17.1.tgz",
      "integrity": "sha512-MCVchLyxgjupI53HbVd/qf/4kgLxzJVBPzZdPjgfSaRYR3Ak15v5bEnJ2Vt/0c9+E2cRbv6Q+LH17c7askB3IQ==",
      "cpu": [
        "x64"
      ],
      "dev": true,
      "optional": true,
      "os": [
        "android"
      ],
      "engines": {
        "node": ">=12"
      }
    },
    "node_modules/@esbuild/darwin-arm64": {
      "version": "0.17.1",
      "resolved": "https://registry.npmjs.org/@esbuild/darwin-arm64/-/darwin-arm64-0.17.1.tgz",
      "integrity": "sha512-5N+dDwxOoseOci8h12b/EjIlnYY48KBDGAKFo+XUXRZhLz1UhVrASzJChDOrZPQt9uy4+qMZQmLuT7Jm4rKFaw==",
      "cpu": [
        "arm64"
      ],
      "dev": true,
      "optional": true,
      "os": [
        "darwin"
      ],
      "engines": {
        "node": ">=12"
      }
    },
    "node_modules/@esbuild/darwin-x64": {
      "version": "0.17.1",
      "resolved": "https://registry.npmjs.org/@esbuild/darwin-x64/-/darwin-x64-0.17.1.tgz",
      "integrity": "sha512-fOXElELW/5siabypVqKTH++WtxVR7IhGvRkS6VKzffW+Kx9Yi5WwRaKG8iwb9QGwFfAKGLYxv73k6NAekkzIvw==",
      "cpu": [
        "x64"
      ],
      "dev": true,
      "optional": true,
      "os": [
        "darwin"
      ],
      "engines": {
        "node": ">=12"
      }
    },
    "node_modules/@esbuild/freebsd-arm64": {
      "version": "0.17.1",
      "resolved": "https://registry.npmjs.org/@esbuild/freebsd-arm64/-/freebsd-arm64-0.17.1.tgz",
      "integrity": "sha512-yEXsg9KggF6p1qqwb2ZIKPeMv3znU9zQ4xu4fi3GmCDmqMGXpzR6vBFVYlrMgGOGN1shHcKnMp/HhEp4mdkLGQ==",
      "cpu": [
        "arm64"
      ],
      "dev": true,
      "optional": true,
      "os": [
        "freebsd"
      ],
      "engines": {
        "node": ">=12"
      }
    },
    "node_modules/@esbuild/freebsd-x64": {
      "version": "0.17.1",
      "resolved": "https://registry.npmjs.org/@esbuild/freebsd-x64/-/freebsd-x64-0.17.1.tgz",
      "integrity": "sha512-wBoJECwLWzapCND5Ime9G5QY5B/cLLXh4oCtUMnckcV5D4rL5M5WN63zOMWjFDDGpiPhnePHaDnRSV8AhxdUMg==",
      "cpu": [
        "x64"
      ],
      "dev": true,
      "optional": true,
      "os": [
        "freebsd"
      ],
      "engines": {
        "node": ">=12"
      }
    },
    "node_modules/@esbuild/linux-arm": {
      "version": "0.17.1",
      "resolved": "https://registry.npmjs.org/@esbuild/linux-arm/-/linux-arm-0.17.1.tgz",
      "integrity": "sha512-TIF51ocfKxPzyxE8llGWjS9fZB3916ZppHeZc14MokEzD4G9C0orDRD/VIVxoyln1bAQdWFJSHJ55JPmF7WhoQ==",
      "cpu": [
        "arm"
      ],
      "dev": true,
      "optional": true,
      "os": [
        "linux"
      ],
      "engines": {
        "node": ">=12"
      }
    },
    "node_modules/@esbuild/linux-arm64": {
      "version": "0.17.1",
      "resolved": "https://registry.npmjs.org/@esbuild/linux-arm64/-/linux-arm64-0.17.1.tgz",
      "integrity": "sha512-oCsBA1dzzo78yPjW5FLt1DfNa6tGgHl/2UQL5EC2yhDvCX0jCpvNbD4X+oqJP37dng9e1dv9H1n4C8N4tvy5GQ==",
      "cpu": [
        "arm64"
      ],
      "dev": true,
      "optional": true,
      "os": [
        "linux"
      ],
      "engines": {
        "node": ">=12"
      }
    },
    "node_modules/@esbuild/linux-ia32": {
      "version": "0.17.1",
      "resolved": "https://registry.npmjs.org/@esbuild/linux-ia32/-/linux-ia32-0.17.1.tgz",
      "integrity": "sha512-6HLCE3SA+qv1RWhBnj0AKUfZh2bH/D5wyvq2JaqgtK6WES6S/3B1u9g1b5lO5UT56Z74LAf2z2sqVdUwmfHbjQ==",
      "cpu": [
        "ia32"
      ],
      "dev": true,
      "optional": true,
      "os": [
        "linux"
      ],
      "engines": {
        "node": ">=12"
      }
    },
    "node_modules/@esbuild/linux-loong64": {
      "version": "0.17.1",
      "resolved": "https://registry.npmjs.org/@esbuild/linux-loong64/-/linux-loong64-0.17.1.tgz",
      "integrity": "sha512-hm/ZVD0YMJq5UUkyrhEDFM2z1v4iTKBFeOEL3yXhNLeOpbFQ2Z9oI5l7FTaeLpXrqgO6q/9C8LajY5yVCHpHnQ==",
      "cpu": [
        "loong64"
      ],
      "dev": true,
      "optional": true,
      "os": [
        "linux"
      ],
      "engines": {
        "node": ">=12"
      }
    },
    "node_modules/@esbuild/linux-mips64el": {
      "version": "0.17.1",
      "resolved": "https://registry.npmjs.org/@esbuild/linux-mips64el/-/linux-mips64el-0.17.1.tgz",
      "integrity": "sha512-FjUTo3aDHy0g+4aKjuQl576wSOzcfKrYYyhQKRTmeEZIaYKHu6/iLQkSqB1EBbfKcn6gHqO3Fb9PoBF9cWC5Gg==",
      "cpu": [
        "mips64el"
      ],
      "dev": true,
      "optional": true,
      "os": [
        "linux"
      ],
      "engines": {
        "node": ">=12"
      }
    },
    "node_modules/@esbuild/linux-ppc64": {
      "version": "0.17.1",
      "resolved": "https://registry.npmjs.org/@esbuild/linux-ppc64/-/linux-ppc64-0.17.1.tgz",
      "integrity": "sha512-R8HchAp+w6Ar85mEMZHobmLO6fT6/6CW6m8cq+dz4APHaHv24qNxJKJiceJALM//mvGnP/wVoLsJCmE6Wv3N8g==",
      "cpu": [
        "ppc64"
      ],
      "dev": true,
      "optional": true,
      "os": [
        "linux"
      ],
      "engines": {
        "node": ">=12"
      }
    },
    "node_modules/@esbuild/linux-riscv64": {
      "version": "0.17.1",
      "resolved": "https://registry.npmjs.org/@esbuild/linux-riscv64/-/linux-riscv64-0.17.1.tgz",
      "integrity": "sha512-qg7+k7K5hmpqmbyHmxhSoLfY+SNd+KhC+u0xfo4Pwf0Spn72ldM+FxKntmx6zhwQ9yE9KfAapoK/L1WOh9lV8g==",
      "cpu": [
        "riscv64"
      ],
      "dev": true,
      "optional": true,
      "os": [
        "linux"
      ],
      "engines": {
        "node": ">=12"
      }
    },
    "node_modules/@esbuild/linux-s390x": {
      "version": "0.17.1",
      "resolved": "https://registry.npmjs.org/@esbuild/linux-s390x/-/linux-s390x-0.17.1.tgz",
      "integrity": "sha512-oWqggXTbGp5PaBFIkEzA371aoTWHA7rjzWIysiRubYzjXxHy60qzkdZD1OaS44EMRiMItxUj8UeC3fpU+Z7qgg==",
      "cpu": [
        "s390x"
      ],
      "dev": true,
      "optional": true,
      "os": [
        "linux"
      ],
      "engines": {
        "node": ">=12"
      }
    },
    "node_modules/@esbuild/linux-x64": {
      "version": "0.17.1",
      "resolved": "https://registry.npmjs.org/@esbuild/linux-x64/-/linux-x64-0.17.1.tgz",
      "integrity": "sha512-voMDzuiqd5eV0OTkbOJkEwxkjxpCEQPPQUyljpv/agU12CGxQACmjHeiWGtoVKRbrQOWRDZ2SWFsiT4mQiKuog==",
      "cpu": [
        "x64"
      ],
      "dev": true,
      "optional": true,
      "os": [
        "linux"
      ],
      "engines": {
        "node": ">=12"
      }
    },
    "node_modules/@esbuild/netbsd-x64": {
      "version": "0.17.1",
      "resolved": "https://registry.npmjs.org/@esbuild/netbsd-x64/-/netbsd-x64-0.17.1.tgz",
      "integrity": "sha512-TrYeatKXA6XIpJ+Lo1qBiYRokSB3EE6b/KxDk7NeD47Zx5k7QrwCEMTlFJGcy2eUlRnbDDMqY4LaRO/GniU8RA==",
      "cpu": [
        "x64"
      ],
      "dev": true,
      "optional": true,
      "os": [
        "netbsd"
      ],
      "engines": {
        "node": ">=12"
      }
    },
    "node_modules/@esbuild/openbsd-x64": {
      "version": "0.17.1",
      "resolved": "https://registry.npmjs.org/@esbuild/openbsd-x64/-/openbsd-x64-0.17.1.tgz",
      "integrity": "sha512-VsTWuIKS7dYGHxLfoQeSBC+f4lCf1Lyd2I4QJclneu/5Ldw/evHMd1zwZUWZs7lGZsyrwssu0vAWERMsXnU2yQ==",
      "cpu": [
        "x64"
      ],
      "dev": true,
      "optional": true,
      "os": [
        "openbsd"
      ],
      "engines": {
        "node": ">=12"
      }
    },
    "node_modules/@esbuild/sunos-x64": {
      "version": "0.17.1",
      "resolved": "https://registry.npmjs.org/@esbuild/sunos-x64/-/sunos-x64-0.17.1.tgz",
      "integrity": "sha512-36tkLA020bZJ1pjr3lflHe0lUwJ6fTmp+MabTFW2RZ5+G3c3QudELm4TvxN/HyJqJgWAFE3/3aT7oeUUiak1rw==",
      "cpu": [
        "x64"
      ],
      "dev": true,
      "optional": true,
      "os": [
        "sunos"
      ],
      "engines": {
        "node": ">=12"
      }
    },
    "node_modules/@esbuild/win32-arm64": {
      "version": "0.17.1",
      "resolved": "https://registry.npmjs.org/@esbuild/win32-arm64/-/win32-arm64-0.17.1.tgz",
      "integrity": "sha512-mb1cy86vHBl1lxJhM3XiIGRKRgIO4WxS7/QW01feZuMkApL4RlMdlm95npTZInuh4gPeHEIxziifky5Okayupg==",
      "cpu": [
        "arm64"
      ],
      "dev": true,
      "optional": true,
      "os": [
        "win32"
      ],
      "engines": {
        "node": ">=12"
      }
    },
    "node_modules/@esbuild/win32-ia32": {
      "version": "0.17.1",
      "resolved": "https://registry.npmjs.org/@esbuild/win32-ia32/-/win32-ia32-0.17.1.tgz",
      "integrity": "sha512-jVhYBHXOIhVj899BzcEj7fOnipgU+ZL25gfcEgAk1u64FlDMJXwF+VJpbWWyQzRWiWDuri6lIR3aXPJn7IyxBQ==",
      "cpu": [
        "ia32"
      ],
      "dev": true,
      "optional": true,
      "os": [
        "win32"
      ],
      "engines": {
        "node": ">=12"
      }
    },
    "node_modules/@esbuild/win32-x64": {
      "version": "0.17.1",
      "resolved": "https://registry.npmjs.org/@esbuild/win32-x64/-/win32-x64-0.17.1.tgz",
      "integrity": "sha512-cxPkULF0VQRBKAaT6EpX5q1zLQJZk6bXsTDoVSN2lW8kITvQ12e3yI56aCE12OOtwPZ7L2WDN4yws9iG81Dzuw==",
      "cpu": [
        "x64"
      ],
      "dev": true,
      "optional": true,
      "os": [
        "win32"
      ],
      "engines": {
        "node": ">=12"
      }
    },
    "node_modules/@types/prop-types": {
      "version": "15.7.5",
      "resolved": "https://registry.npmjs.org/@types/prop-types/-/prop-types-15.7.5.tgz",
      "integrity": "sha512-JCB8C6SnDoQf0cNycqd/35A7MjcnK+ZTqE7judS6o7utxUCg6imJg3QK2qzHKszlTjcj2cn+NwMB2i96ubpj7w==",
      "dev": true
    },
    "node_modules/@types/react": {
      "version": "18.0.26",
      "resolved": "https://registry.npmjs.org/@types/react/-/react-18.0.26.tgz",
      "integrity": "sha512-hCR3PJQsAIXyxhTNSiDFY//LhnMZWpNNr5etoCqx/iUfGc5gXWtQR2Phl908jVR6uPXacojQWTg4qRpkxTuGug==",
      "dev": true,
      "dependencies": {
        "@types/prop-types": "*",
        "@types/scheduler": "*",
        "csstype": "^3.0.2"
      }
    },
    "node_modules/@types/react-dom": {
      "version": "18.0.10",
      "resolved": "https://registry.npmjs.org/@types/react-dom/-/react-dom-18.0.10.tgz",
      "integrity": "sha512-E42GW/JA4Qv15wQdqJq8DL4JhNpB3prJgjgapN3qJT9K2zO5IIAQh4VXvCEDupoqAwnz0cY4RlXeC/ajX5SFHg==",
      "dev": true,
      "dependencies": {
        "@types/react": "*"
      }
    },
    "node_modules/@types/scheduler": {
      "version": "0.16.2",
      "resolved": "https://registry.npmjs.org/@types/scheduler/-/scheduler-0.16.2.tgz",
      "integrity": "sha512-hppQEBDmlwhFAXKJX2KnWLYu5yMfi91yazPb2l+lbJiwW+wdo1gNeRA+3RgNSO39WYX2euey41KEwnqesU2Jew==",
      "dev": true
    },
    "node_modules/csstype": {
      "version": "3.1.1",
      "resolved": "https://registry.npmjs.org/csstype/-/csstype-3.1.1.tgz",
      "integrity": "sha512-DJR/VvkAvSZW9bTouZue2sSxDwdTN92uHjqeKVm+0dAqdfNykRzQ95tay8aXMBAAPpUiq4Qcug2L7neoRh2Egw==",
      "dev": true
    },
    "node_modules/esbuild": {
      "version": "0.17.1",
      "resolved": "https://registry.npmjs.org/esbuild/-/esbuild-0.17.1.tgz",
      "integrity": "sha512-4r4MuPOl9SOBwAgs6Q73qklLWZmYk7FMlidseFgCN3LVjq8pWt422LioUczLd9SYcMiiecikWvyDoCwbEXUbfw==",
      "dev": true,
      "hasInstallScript": true,
      "bin": {
        "esbuild": "bin/esbuild"
      },
      "engines": {
        "node": ">=12"
      },
      "optionalDependencies": {
        "@esbuild/android-arm": "0.17.1",
        "@esbuild/android-arm64": "0.17.1",
        "@esbuild/android-x64": "0.17.1",
        "@esbuild/darwin-arm64": "0.17.1",
        "@esbuild/darwin-x64": "0.17.1",
        "@esbuild/freebsd-arm64": "0.17.1",
        "@esbuild/freebsd-x64": "0.17.1",
        "@esbuild/linux-arm": "0.17.1",
        "@esbuild/linux-arm64": "0.17.1",
        "@esbuild/linux-ia32": "0.17.1",
        "@esbuild/linux-loong64": "0.17.1",
        "@esbuild/linux-mips64el": "0.17.1",
        "@esbuild/linux-ppc64": "0.17.1",
        "@esbuild/linux-riscv64": "0.17.1",
        "@esbuild/linux-s390x": "0.17.1",
        "@esbuild/linux-x64": "0.17.1",
        "@esbuild/netbsd-x64": "0.17.1",
        "@esbuild/openbsd-x64": "0.17.1",
        "@esbuild/sunos-x64": "0.17.1",
        "@esbuild/win32-arm64": "0.17.1",
        "@esbuild/win32-ia32": "0.17.1",
        "@esbuild/win32-x64": "0.17.1"
      }
    },
    "node_modules/js-tokens": {
      "version": "4.0.0",
      "resolved": "https://registry.npmjs.org/js-tokens/-/js-tokens-4.0.0.tgz",
      "integrity": "sha512-RdJUflcE3cUzKiMqQgsCu06FPu9UdIJO0beYbPhHN4k6apgJtifcoCtT9bcxOpYBtpD2kCM6Sbzg4CausW/PKQ=="
    },
    "node_modules/loose-envify": {
      "version": "1.4.0",
      "resolved": "https://registry.npmjs.org/loose-envify/-/loose-envify-1.4.0.tgz",
      "integrity": "sha512-lyuxPGr/Wfhrlem2CL/UcnUc1zcqKAImBDzukY7Y5F/yQiNdko6+fRLevlw1HgMySw7f611UIY408EtxRSoK3Q==",
      "dependencies": {
        "js-tokens": "^3.0.0 || ^4.0.0"
      },
      "bin": {
        "loose-envify": "cli.js"
      }
    },
    "node_modules/react": {
      "version": "18.2.0",
      "resolved": "https://registry.npmjs.org/react/-/react-18.2.0.tgz",
      "integrity": "sha512-/3IjMdb2L9QbBdWiW5e3P2/npwMBaU9mHCSCUzNln0ZCYbcfTsGbTJrU/kGemdH2IWmB2ioZ+zkxtmq6g09fGQ==",
      "dependencies": {
        "loose-envify": "^1.1.0"
      },
      "engines": {
        "node": ">=0.10.0"
      }
    },
    "node_modules/react-dom": {
      "version": "18.2.0",
      "resolved": "https://registry.npmjs.org/react-dom/-/react-dom-18.2.0.tgz",
      "integrity": "sha512-6IMTriUmvsjHUjNtEDudZfuDQUoWXVxKHhlEGSk81n4YFS+r/Kl99wXiwlVXtPBtJenozv2P+hxDsw9eA7Xo6g==",
      "dependencies": {
        "loose-envify": "^1.1.0",
        "scheduler": "^0.23.0"
      },
      "peerDependencies": {
        "react": "^18.2.0"
      }
    },
    "node_modules/rimraf": {
      "version": "4.1.0",
      "resolved": "https://registry.npmjs.org/rimraf/-/rimraf-4.1.0.tgz",
      "integrity": "sha512-ZJdkUR5/dRrRJHdcSKJLrpRn6tVjl9ALxd4yrTCxFsMpjQNzwHF6GLqMsuEzEYIXxHlFPDSk21Vr8VPuFBEz0g==",
      "dev": true,
      "bin": {
        "rimraf": "dist/cjs/src/bin.js"
      },
      "engines": {
        "node": ">=14"
      },
      "funding": {
        "url": "https://github.com/sponsors/isaacs"
      }
    },
    "node_modules/scheduler": {
      "version": "0.23.0",
      "resolved": "https://registry.npmjs.org/scheduler/-/scheduler-0.23.0.tgz",
      "integrity": "sha512-CtuThmgHNg7zIZWAXi3AsyIzA3n4xx7aNyjwC2VJldO2LMVDhFK+63xGqq6CsJH4rTAt6/M+N4GhZiDYPx9eUw==",
      "dependencies": {
        "loose-envify": "^1.1.0"
      }
    },
    "node_modules/typescript": {
      "version": "4.9.4",
      "resolved": "https://registry.npmjs.org/typescript/-/typescript-4.9.4.tgz",
      "integrity": "sha512-Uz+dTXYzxXXbsFpM86Wh3dKCxrQqUcVMxwU54orwlJjOpO3ao8L7j5lH+dWfTwgCwIuM9GQ2kvVotzYJMXTBZg==",
      "dev": true,
      "bin": {
        "tsc": "bin/tsc",
        "tsserver": "bin/tsserver"
      },
      "engines": {
        "node": ">=4.2.0"
      }
    }
  },
  "dependencies": {
    "@esbuild/android-arm": {
      "version": "0.17.1",
      "resolved": "https://registry.npmjs.org/@esbuild/android-arm/-/android-arm-0.17.1.tgz",
      "integrity": "sha512-8ygAO+wxS3XcTxY0iuitMsttSIBUCSyVewCROQ0cdnp6u62qG+BWBjUxosUZ1EzxbblBJ2CjZwmbqSXjDO1P/w==",
      "dev": true,
      "optional": true
    },
    "@esbuild/android-arm64": {
      "version": "0.17.1",
      "resolved": "https://registry.npmjs.org/@esbuild/android-arm64/-/android-arm64-0.17.1.tgz",
      "integrity": "sha512-qM6pyZ8sZsPe8/UzEMC93wL9c1b81VmPs/P4VQ+1v27SBu3pD08wo5nMm03KZos7TcH5f1dLRBt1VhN8JX53zA==",
      "dev": true,
      "optional": true
    },
    "@esbuild/android-x64": {
      "version": "0.17.1",
      "resolved": "https://registry.npmjs.org/@esbuild/android-x64/-/android-x64-0.17.1.tgz",
      "integrity": "sha512-MCVchLyxgjupI53HbVd/qf/4kgLxzJVBPzZdPjgfSaRYR3Ak15v5bEnJ2Vt/0c9+E2cRbv6Q+LH17c7askB3IQ==",
      "dev": true,
      "optional": true
    },
    "@esbuild/darwin-arm64": {
      "version": "0.17.1",
      "resolved": "https://registry.npmjs.org/@esbuild/darwin-arm64/-/darwin-arm64-0.17.1.tgz",
      "integrity": "sha512-5N+dDwxOoseOci8h12b/EjIlnYY48KBDGAKFo+XUXRZhLz1UhVrASzJChDOrZPQt9uy4+qMZQmLuT7Jm4rKFaw==",
      "dev": true,
      "optional": true
    },
    "@esbuild/darwin-x64": {
      "version": "0.17.1",
      "resolved": "https://registry.npmjs.org/@esbuild/darwin-x64/-/darwin-x64-0.17.1.tgz",
      "integrity": "sha512-fOXElELW/5siabypVqKTH++WtxVR7IhGvRkS6VKzffW+Kx9Yi5WwRaKG8iwb9QGwFfAKGLYxv73k6NAekkzIvw==",
      "dev": true,
      "optional": true
    },
    "@esbuild/freebsd-arm64": {
      "version": "0.17.1",
      "resolved": "https://registry.npmjs.org/@esbuild/freebsd-arm64/-/freebsd-arm64-0.17.1.tgz",
      "integrity": "sha512-yEXsg9KggF6p1qqwb2ZIKPeMv3znU9zQ4xu4fi3GmCDmqMGXpzR6vBFVYlrMgGOGN1shHcKnMp/HhEp4mdkLGQ==",
      "dev": true,
      "optional": true
    },
    "@esbuild/freebsd-x64": {
      "version": "0.17.1",
      "resolved": "https://registry.npmjs.org/@esbuild/freebsd-x64/-/freebsd-x64-0.17.1.tgz",
      "integrity": "sha512-wBoJECwLWzapCND5Ime9G5QY5B/cLLXh4oCtUMnckcV5D4rL5M5WN63zOMWjFDDGpiPhnePHaDnRSV8AhxdUMg==",
      "dev": true,
      "optional": true
    },
    "@esbuild/linux-arm": {
      "version": "0.17.1",
      "resolved": "https://registry.npmjs.org/@esbuild/linux-arm/-/linux-arm-0.17.1.tgz",
      "integrity": "sha512-TIF51ocfKxPzyxE8llGWjS9fZB3916ZppHeZc14MokEzD4G9C0orDRD/VIVxoyln1bAQdWFJSHJ55JPmF7WhoQ==",
      "dev": true,
      "optional": true
    },
    "@esbuild/linux-arm64": {
      "version": "0.17.1",
      "resolved": "https://registry.npmjs.org/@esbuild/linux-arm64/-/linux-arm64-0.17.1.tgz",
      "integrity": "sha512-oCsBA1dzzo78yPjW5FLt1DfNa6tGgHl/2UQL5EC2yhDvCX0jCpvNbD4X+oqJP37dng9e1dv9H1n4C8N4tvy5GQ==",
      "dev": true,
      "optional": true
    },
    "@esbuild/linux-ia32": {
      "version": "0.17.1",
      "resolved": "https://registry.npmjs.org/@esbuild/linux-ia32/-/linux-ia32-0.17.1.tgz",
      "integrity": "sha512-6HLCE3SA+qv1RWhBnj0AKUfZh2bH/D5wyvq2JaqgtK6WES6S/3B1u9g1b5lO5UT56Z74LAf2z2sqVdUwmfHbjQ==",
      "dev": true,
      "optional": true
    },
    "@esbuild/linux-loong64": {
      "version": "0.17.1",
      "resolved": "https://registry.npmjs.org/@esbuild/linux-loong64/-/linux-loong64-0.17.1.tgz",
      "integrity": "sha512-hm/ZVD0YMJq5UUkyrhEDFM2z1v4iTKBFeOEL3yXhNLeOpbFQ2Z9oI5l7FTaeLpXrqgO6q/9C8LajY5yVCHpHnQ==",
      "dev": true,
      "optional": true
    },
    "@esbuild/linux-mips64el": {
      "version": "0.17.1",
      "resolved": "https://registry.npmjs.org/@esbuild/linux-mips64el/-/linux-mips64el-0.17.1.tgz",
      "integrity": "sha512-FjUTo3aDHy0g+4aKjuQl576wSOzcfKrYYyhQKRTmeEZIaYKHu6/iLQkSqB1EBbfKcn6gHqO3Fb9PoBF9cWC5Gg==",
      "dev": true,
      "optional": true
    },
    "@esbuild/linux-ppc64": {
      "version": "0.17.1",
      "resolved": "https://registry.npmjs.org/@esbuild/linux-ppc64/-/linux-ppc64-0.17.1.tgz",
      "integrity": "sha512-R8HchAp+w6Ar85mEMZHobmLO6fT6/6CW6m8cq+dz4APHaHv24qNxJKJiceJALM//mvGnP/wVoLsJCmE6Wv3N8g==",
      "dev": true,
      "optional": true
    },
    "@esbuild/linux-riscv64": {
      "version": "0.17.1",
      "resolved": "https://registry.npmjs.org/@esbuild/linux-riscv64/-/linux-riscv64-0.17.1.tgz",
      "integrity": "sha512-qg7+k7K5hmpqmbyHmxhSoLfY+SNd+KhC+u0xfo4Pwf0Spn72ldM+FxKntmx6zhwQ9yE9KfAapoK/L1WOh9lV8g==",
      "dev": true,
      "optional": true
    },
    "@esbuild/linux-s390x": {
      "version": "0.17.1",
      "resolved": "https://registry.npmjs.org/@esbuild/linux-s390x/-/linux-s390x-0.17.1.tgz",
      "integrity": "sha512-oWqggXTbGp5PaBFIkEzA371aoTWHA7rjzWIysiRubYzjXxHy60qzkdZD1OaS44EMRiMItxUj8UeC3fpU+Z7qgg==",
      "dev": true,
      "optional": true
    },
    "@esbuild/linux-x64": {
      "version": "0.17.1",
      "resolved": "https://registry.npmjs.org/@esbuild/linux-x64/-/linux-x64-0.17.1.tgz",
      "integrity": "sha512-voMDzuiqd5eV0OTkbOJkEwxkjxpCEQPPQUyljpv/agU12CGxQACmjHeiWGtoVKRbrQOWRDZ2SWFsiT4mQiKuog==",
      "dev": true,
      "optional": true
    },
    "@esbuild/netbsd-x64": {
      "version": "0.17.1",
      "resolved": "https://registry.npmjs.org/@esbuild/netbsd-x64/-/netbsd-x64-0.17.1.tgz",
      "integrity": "sha512-TrYeatKXA6XIpJ+Lo1qBiYRokSB3EE6b/KxDk7NeD47Zx5k7QrwCEMTlFJGcy2eUlRnbDDMqY4LaRO/GniU8RA==",
      "dev": true,
      "optional": true
    },
    "@esbuild/openbsd-x64": {
      "version": "0.17.1",
      "resolved": "https://registry.npmjs.org/@esbuild/openbsd-x64/-/openbsd-x64-0.17.1.tgz",
      "integrity": "sha512-VsTWuIKS7dYGHxLfoQeSBC+f4lCf1Lyd2I4QJclneu/5Ldw/evHMd1zwZUWZs7lGZsyrwssu0vAWERMsXnU2yQ==",
      "dev": true,
      "optional": true
    },
    "@esbuild/sunos-x64": {
      "version": "0.17.1",
      "resolved": "https://registry.npmjs.org/@esbuild/sunos-x64/-/sunos-x64-0.17.1.tgz",
      "integrity": "sha512-36tkLA020bZJ1pjr3lflHe0lUwJ6fTmp+MabTFW2RZ5+G3c3QudELm4TvxN/HyJqJgWAFE3/3aT7oeUUiak1rw==",
      "dev": true,
      "optional": true
    },
    "@esbuild/win32-arm64": {
      "version": "0.17.1",
      "resolved": "https://registry.npmjs.org/@esbuild/win32-arm64/-/win32-arm64-0.17.1.tgz",
      "integrity": "sha512-mb1cy86vHBl1lxJhM3XiIGRKRgIO4WxS7/QW01feZuMkApL4RlMdlm95npTZInuh4gPeHEIxziifky5Okayupg==",
      "dev": true,
      "optional": true
    },
    "@esbuild/win32-ia32": {
      "version": "0.17.1",
      "resolved": "https://registry.npmjs.org/@esbuild/win32-ia32/-/win32-ia32-0.17.1.tgz",
      "integrity": "sha512-jVhYBHXOIhVj899BzcEj7fOnipgU+ZL25gfcEgAk1u64FlDMJXwF+VJpbWWyQzRWiWDuri6lIR3aXPJn7IyxBQ==",
      "dev": true,
      "optional": true
    },
    "@esbuild/win32-x64": {
      "version": "0.17.1",
      "resolved": "https://registry.npmjs.org/@esbuild/win32-x64/-/win32-x64-0.17.1.tgz",
      "integrity": "sha512-cxPkULF0VQRBKAaT6EpX5q1zLQJZk6bXsTDoVSN2lW8kITvQ12e3yI56aCE12OOtwPZ7L2WDN4yws9iG81Dzuw==",
      "dev": true,
      "optional": true
    },
    "@types/prop-types": {
      "version": "15.7.5",
      "resolved": "https://registry.npmjs.org/@types/prop-types/-/prop-types-15.7.5.tgz",
      "integrity": "sha512-JCB8C6SnDoQf0cNycqd/35A7MjcnK+ZTqE7judS6o7utxUCg6imJg3QK2qzHKszlTjcj2cn+NwMB2i96ubpj7w==",
      "dev": true
    },
    "@types/react": {
      "version": "18.0.26",
      "resolved": "https://registry.npmjs.org/@types/react/-/react-18.0.26.tgz",
      "integrity": "sha512-hCR3PJQsAIXyxhTNSiDFY//LhnMZWpNNr5etoCqx/iUfGc5gXWtQR2Phl908jVR6uPXacojQWTg4qRpkxTuGug==",
      "dev": true,
      "requires": {
        "@types/prop-types": "*",
        "@types/scheduler": "*",
        "csstype": "^3.0.2"
      }
    },
    "@types/react-dom": {
      "version": "18.0.10",
      "resolved": "https://registry.npmjs.org/@types/react-dom/-/react-dom-18.0.10.tgz",
      "integrity": "sha512-E42GW/JA4Qv15wQdqJq8DL4JhNpB3prJgjgapN3qJT9K2zO5IIAQh4VXvCEDupoqAwnz0cY4RlXeC/ajX5SFHg==",
      "dev": true,
      "requires": {
        "@types/react": "*"
      }
    },
    "@types/scheduler": {
      "version": "0.16.2",
      "resolved": "https://registry.npmjs.org/@types/scheduler/-/scheduler-0.16.2.tgz",
      "integrity": "sha512-hppQEBDmlwhFAXKJX2KnWLYu5yMfi91yazPb2l+lbJiwW+wdo1gNeRA+3RgNSO39WYX2euey41KEwnqesU2Jew==",
      "dev": true
    },
    "csstype": {
      "version": "3.1.1",
      "resolved": "https://registry.npmjs.org/csstype/-/csstype-3.1.1.tgz",
      "integrity": "sha512-DJR/VvkAvSZW9bTouZue2sSxDwdTN92uHjqeKVm+0dAqdfNykRzQ95tay8aXMBAAPpUiq4Qcug2L7neoRh2Egw==",
      "dev": true
    },
    "esbuild": {
      "version": "0.17.1",
      "resolved": "https://registry.npmjs.org/esbuild/-/esbuild-0.17.1.tgz",
      "integrity": "sha512-4r4MuPOl9SOBwAgs6Q73qklLWZmYk7FMlidseFgCN3LVjq8pWt422LioUczLd9SYcMiiecikWvyDoCwbEXUbfw==",
      "dev": true,
      "requires": {
        "@esbuild/android-arm": "0.17.1",
        "@esbuild/android-arm64": "0.17.1",
        "@esbuild/android-x64": "0.17.1",
        "@esbuild/darwin-arm64": "0.17.1",
        "@esbuild/darwin-x64": "0.17.1",
        "@esbuild/freebsd-arm64": "0.17.1",
        "@esbuild/freebsd-x64": "0.17.1",
        "@esbuild/linux-arm": "0.17.1",
        "@esbuild/linux-arm64": "0.17.1",
        "@esbuild/linux-ia32": "0.17.1",
        "@esbuild/linux-loong64": "0.17.1",
        "@esbuild/linux-mips64el": "0.17.1",
        "@esbuild/linux-ppc64": "0.17.1",
        "@esbuild/linux-riscv64": "0.17.1",
        "@esbuild/linux-s390x": "0.17.1",
        "@esbuild/linux-x64": "0.17.1",
        "@esbuild/netbsd-x64": "0.17.1",
        "@esbuild/openbsd-x64": "0.17.1",
        "@esbuild/sunos-x64": "0.17.1",
        "@esbuild/win32-arm64": "0.17.1",
        "@esbuild/win32-ia32": "0.17.1",
        "@esbuild/win32-x64": "0.17.1"
      }
    },
    "js-tokens": {
      "version": "4.0.0",
      "resolved": "https://registry.npmjs.org/js-tokens/-/js-tokens-4.0.0.tgz",
      "integrity": "sha512-RdJUflcE3cUzKiMqQgsCu06FPu9UdIJO0beYbPhHN4k6apgJtifcoCtT9bcxOpYBtpD2kCM6Sbzg4CausW/PKQ=="
    },
    "loose-envify": {
      "version": "1.4.0",
      "resolved": "https://registry.npmjs.org/loose-envify/-/loose-envify-1.4.0.tgz",
      "integrity": "sha512-lyuxPGr/Wfhrlem2CL/UcnUc1zcqKAImBDzukY7Y5F/yQiNdko6+fRLevlw1HgMySw7f611UIY408EtxRSoK3Q==",
      "requires": {
        "js-tokens": "^3.0.0 || ^4.0.0"
      }
    },
    "react": {
      "version": "18.2.0",
      "resolved": "https://registry.npmjs.org/react/-/react-18.2.0.tgz",
      "integrity": "sha512-/3IjMdb2L9QbBdWiW5e3P2/npwMBaU9mHCSCUzNln0ZCYbcfTsGbTJrU/kGemdH2IWmB2ioZ+zkxtmq6g09fGQ==",
      "requires": {
        "loose-envify": "^1.1.0"
      }
    },
    "react-dom": {
      "version": "18.2.0",
      "resolved": "https://registry.npmjs.org/react-dom/-/react-dom-18.2.0.tgz",
      "integrity": "sha512-6IMTriUmvsjHUjNtEDudZfuDQUoWXVxKHhlEGSk81n4YFS+r/Kl99wXiwlVXtPBtJenozv2P+hxDsw9eA7Xo6g==",
      "requires": {
        "loose-envify": "^1.1.0",
        "scheduler": "^0.23.0"
      }
    },
    "rimraf": {
      "version": "4.1.0",
      "resolved": "https://registry.npmjs.org/rimraf/-/rimraf-4.1.0.tgz",
      "integrity": "sha512-ZJdkUR5/dRrRJHdcSKJLrpRn6tVjl9ALxd4yrTCxFsMpjQNzwHF6GLqMsuEzEYIXxHlFPDSk21Vr8VPuFBEz0g==",
      "dev": true
    },
    "scheduler": {
      "version": "0.23.0",
      "resolved": "https://registry.npmjs.org/scheduler/-/scheduler-0.23.0.tgz",
      "integrity": "sha512-CtuThmgHNg7zIZWAXi3AsyIzA3n4xx7aNyjwC2VJldO2LMVDhFK+63xGqq6CsJH4rTAt6/M+N4GhZiDYPx9eUw==",
      "requires": {
        "loose-envify": "^1.1.0"
      }
    },
    "typescript": {
      "version": "4.9.4",
      "resolved": "https://registry.npmjs.org/typescript/-/typescript-4.9.4.tgz",
      "integrity": "sha512-Uz+dTXYzxXXbsFpM86Wh3dKCxrQqUcVMxwU54orwlJjOpO3ao8L7j5lH+dWfTwgCwIuM9GQ2kvVotzYJMXTBZg==",
      "dev": true
    }
  }
}
